// !$*UTF8*$!
{
	archiveVersion = 1;
	classes = {
	};
	objectVersion = 55;
	objects = {

/* Begin PBXBuildFile section */
		150F06A928B62D19002A36F5 /* AppDelegate.swift in Sources */ = {isa = PBXBuildFile; fileRef = 150F06A828B62D19002A36F5 /* AppDelegate.swift */; };
		150F06AB28B62D19002A36F5 /* SceneDelegate.swift in Sources */ = {isa = PBXBuildFile; fileRef = 150F06AA28B62D19002A36F5 /* SceneDelegate.swift */; };
		150F06AD28B62D19002A36F5 /* ViewController.swift in Sources */ = {isa = PBXBuildFile; fileRef = 150F06AC28B62D19002A36F5 /* ViewController.swift */; };
		150F06B028B62D19002A36F5 /* Main.storyboard in Resources */ = {isa = PBXBuildFile; fileRef = 150F06AE28B62D19002A36F5 /* Main.storyboard */; };
		150F06B328B62D19002A36F5 /* YandexWeatherApp.xcdatamodeld in Sources */ = {isa = PBXBuildFile; fileRef = 150F06B128B62D19002A36F5 /* YandexWeatherApp.xcdatamodeld */; };
		150F06B528B62D20002A36F5 /* Assets.xcassets in Resources */ = {isa = PBXBuildFile; fileRef = 150F06B428B62D20002A36F5 /* Assets.xcassets */; };
		150F06B828B62D20002A36F5 /* LaunchScreen.storyboard in Resources */ = {isa = PBXBuildFile; fileRef = 150F06B628B62D20002A36F5 /* LaunchScreen.storyboard */; };
		150F06C328B62D21002A36F5 /* YandexWeatherAppTests.swift in Sources */ = {isa = PBXBuildFile; fileRef = 150F06C228B62D21002A36F5 /* YandexWeatherAppTests.swift */; };
		150F06CD28B62D21002A36F5 /* YandexWeatherAppUITests.swift in Sources */ = {isa = PBXBuildFile; fileRef = 150F06CC28B62D21002A36F5 /* YandexWeatherAppUITests.swift */; };
		150F06CF28B62D21002A36F5 /* YandexWeatherAppUITestsLaunchTests.swift in Sources */ = {isa = PBXBuildFile; fileRef = 150F06CE28B62D21002A36F5 /* YandexWeatherAppUITestsLaunchTests.swift */; };
/* End PBXBuildFile section */

/* Begin PBXContainerItemProxy section */
		150F06BF28B62D21002A36F5 /* PBXContainerItemProxy */ = {
			isa = PBXContainerItemProxy;
			containerPortal = 150F069D28B62D19002A36F5 /* Project object */;
			proxyType = 1;
			remoteGlobalIDString = 150F06A428B62D19002A36F5;
			remoteInfo = YandexWeatherApp;
		};
		150F06C928B62D21002A36F5 /* PBXContainerItemProxy */ = {
			isa = PBXContainerItemProxy;
			containerPortal = 150F069D28B62D19002A36F5 /* Project object */;
			proxyType = 1;
			remoteGlobalIDString = 150F06A428B62D19002A36F5;
			remoteInfo = YandexWeatherApp;
		};
/* End PBXContainerItemProxy section */

/* Begin PBXFileReference section */
		150F06A528B62D19002A36F5 /* YandexWeatherApp.app */ = {isa = PBXFileReference; explicitFileType = wrapper.application; includeInIndex = 0; path = YandexWeatherApp.app; sourceTree = BUILT_PRODUCTS_DIR; };
		150F06A828B62D19002A36F5 /* AppDelegate.swift */ = {isa = PBXFileReference; lastKnownFileType = sourcecode.swift; path = AppDelegate.swift; sourceTree = "<group>"; };
		150F06AA28B62D19002A36F5 /* SceneDelegate.swift */ = {isa = PBXFileReference; lastKnownFileType = sourcecode.swift; path = SceneDelegate.swift; sourceTree = "<group>"; };
		150F06AC28B62D19002A36F5 /* ViewController.swift */ = {isa = PBXFileReference; lastKnownFileType = sourcecode.swift; path = ViewController.swift; sourceTree = "<group>"; };
		150F06AF28B62D19002A36F5 /* Base */ = {isa = PBXFileReference; lastKnownFileType = file.storyboard; name = Base; path = Base.lproj/Main.storyboard; sourceTree = "<group>"; };
		150F06B228B62D19002A36F5 /* YandexWeatherApp.xcdatamodel */ = {isa = PBXFileReference; lastKnownFileType = wrapper.xcdatamodel; path = YandexWeatherApp.xcdatamodel; sourceTree = "<group>"; };
		150F06B428B62D20002A36F5 /* Assets.xcassets */ = {isa = PBXFileReference; lastKnownFileType = folder.assetcatalog; path = Assets.xcassets; sourceTree = "<group>"; };
		150F06B728B62D20002A36F5 /* Base */ = {isa = PBXFileReference; lastKnownFileType = file.storyboard; name = Base; path = Base.lproj/LaunchScreen.storyboard; sourceTree = "<group>"; };
		150F06B928B62D20002A36F5 /* Info.plist */ = {isa = PBXFileReference; lastKnownFileType = text.plist.xml; path = Info.plist; sourceTree = "<group>"; };
		150F06BE28B62D21002A36F5 /* YandexWeatherAppTests.xctest */ = {isa = PBXFileReference; explicitFileType = wrapper.cfbundle; includeInIndex = 0; path = YandexWeatherAppTests.xctest; sourceTree = BUILT_PRODUCTS_DIR; };
		150F06C228B62D21002A36F5 /* YandexWeatherAppTests.swift */ = {isa = PBXFileReference; lastKnownFileType = sourcecode.swift; path = YandexWeatherAppTests.swift; sourceTree = "<group>"; };
		150F06C828B62D21002A36F5 /* YandexWeatherAppUITests.xctest */ = {isa = PBXFileReference; explicitFileType = wrapper.cfbundle; includeInIndex = 0; path = YandexWeatherAppUITests.xctest; sourceTree = BUILT_PRODUCTS_DIR; };
		150F06CC28B62D21002A36F5 /* YandexWeatherAppUITests.swift */ = {isa = PBXFileReference; lastKnownFileType = sourcecode.swift; path = YandexWeatherAppUITests.swift; sourceTree = "<group>"; };
		150F06CE28B62D21002A36F5 /* YandexWeatherAppUITestsLaunchTests.swift */ = {isa = PBXFileReference; lastKnownFileType = sourcecode.swift; path = YandexWeatherAppUITestsLaunchTests.swift; sourceTree = "<group>"; };
/* End PBXFileReference section */

/* Begin PBXFrameworksBuildPhase section */
		150F06A228B62D19002A36F5 /* Frameworks */ = {
			isa = PBXFrameworksBuildPhase;
			buildActionMask = 2147483647;
			files = (
			);
			runOnlyForDeploymentPostprocessing = 0;
		};
		150F06BB28B62D21002A36F5 /* Frameworks */ = {
			isa = PBXFrameworksBuildPhase;
			buildActionMask = 2147483647;
			files = (
			);
			runOnlyForDeploymentPostprocessing = 0;
		};
		150F06C528B62D21002A36F5 /* Frameworks */ = {
			isa = PBXFrameworksBuildPhase;
			buildActionMask = 2147483647;
			files = (
			);
			runOnlyForDeploymentPostprocessing = 0;
		};
/* End PBXFrameworksBuildPhase section */

/* Begin PBXGroup section */
		150F069C28B62D19002A36F5 = {
			isa = PBXGroup;
			children = (
				150F06A728B62D19002A36F5 /* YandexWeatherApp */,
				150F06C128B62D21002A36F5 /* YandexWeatherAppTests */,
				150F06CB28B62D21002A36F5 /* YandexWeatherAppUITests */,
				150F06A628B62D19002A36F5 /* Products */,
			);
			sourceTree = "<group>";
		};
		150F06A628B62D19002A36F5 /* Products */ = {
			isa = PBXGroup;
			children = (
				150F06A528B62D19002A36F5 /* YandexWeatherApp.app */,
				150F06BE28B62D21002A36F5 /* YandexWeatherAppTests.xctest */,
				150F06C828B62D21002A36F5 /* YandexWeatherAppUITests.xctest */,
			);
			name = Products;
			sourceTree = "<group>";
		};
		150F06A728B62D19002A36F5 /* YandexWeatherApp */ = {
			isa = PBXGroup;
			children = (
				150F06A828B62D19002A36F5 /* AppDelegate.swift */,
				150F06AA28B62D19002A36F5 /* SceneDelegate.swift */,
				150F06AC28B62D19002A36F5 /* ViewController.swift */,
				150F06AE28B62D19002A36F5 /* Main.storyboard */,
				150F06B428B62D20002A36F5 /* Assets.xcassets */,
				150F06B628B62D20002A36F5 /* LaunchScreen.storyboard */,
				150F06B928B62D20002A36F5 /* Info.plist */,
				150F06B128B62D19002A36F5 /* YandexWeatherApp.xcdatamodeld */,
			);
			path = YandexWeatherApp;
			sourceTree = "<group>";
		};
		150F06C128B62D21002A36F5 /* YandexWeatherAppTests */ = {
			isa = PBXGroup;
			children = (
				150F06C228B62D21002A36F5 /* YandexWeatherAppTests.swift */,
			);
			path = YandexWeatherAppTests;
			sourceTree = "<group>";
		};
		150F06CB28B62D21002A36F5 /* YandexWeatherAppUITests */ = {
			isa = PBXGroup;
			children = (
				150F06CC28B62D21002A36F5 /* YandexWeatherAppUITests.swift */,
				150F06CE28B62D21002A36F5 /* YandexWeatherAppUITestsLaunchTests.swift */,
			);
			path = YandexWeatherAppUITests;
			sourceTree = "<group>";
		};
/* End PBXGroup section */

/* Begin PBXNativeTarget section */
		150F06A428B62D19002A36F5 /* YandexWeatherApp */ = {
			isa = PBXNativeTarget;
			buildConfigurationList = 150F06D228B62D21002A36F5 /* Build configuration list for PBXNativeTarget "YandexWeatherApp" */;
			buildPhases = (
				150F06A128B62D19002A36F5 /* Sources */,
				150F06A228B62D19002A36F5 /* Frameworks */,
				150F06A328B62D19002A36F5 /* Resources */,
			);
			buildRules = (
			);
			dependencies = (
			);
			name = YandexWeatherApp;
			productName = YandexWeatherApp;
			productReference = 150F06A528B62D19002A36F5 /* YandexWeatherApp.app */;
			productType = "com.apple.product-type.application";
		};
		150F06BD28B62D21002A36F5 /* YandexWeatherAppTests */ = {
			isa = PBXNativeTarget;
			buildConfigurationList = 150F06D528B62D21002A36F5 /* Build configuration list for PBXNativeTarget "YandexWeatherAppTests" */;
			buildPhases = (
				150F06BA28B62D21002A36F5 /* Sources */,
				150F06BB28B62D21002A36F5 /* Frameworks */,
				150F06BC28B62D21002A36F5 /* Resources */,
			);
			buildRules = (
			);
			dependencies = (
				150F06C028B62D21002A36F5 /* PBXTargetDependency */,
			);
			name = YandexWeatherAppTests;
			productName = YandexWeatherAppTests;
			productReference = 150F06BE28B62D21002A36F5 /* YandexWeatherAppTests.xctest */;
			productType = "com.apple.product-type.bundle.unit-test";
		};
		150F06C728B62D21002A36F5 /* YandexWeatherAppUITests */ = {
			isa = PBXNativeTarget;
			buildConfigurationList = 150F06D828B62D21002A36F5 /* Build configuration list for PBXNativeTarget "YandexWeatherAppUITests" */;
			buildPhases = (
				150F06C428B62D21002A36F5 /* Sources */,
				150F06C528B62D21002A36F5 /* Frameworks */,
				150F06C628B62D21002A36F5 /* Resources */,
			);
			buildRules = (
			);
			dependencies = (
				150F06CA28B62D21002A36F5 /* PBXTargetDependency */,
			);
			name = YandexWeatherAppUITests;
			productName = YandexWeatherAppUITests;
			productReference = 150F06C828B62D21002A36F5 /* YandexWeatherAppUITests.xctest */;
			productType = "com.apple.product-type.bundle.ui-testing";
		};
/* End PBXNativeTarget section */

/* Begin PBXProject section */
		150F069D28B62D19002A36F5 /* Project object */ = {
			isa = PBXProject;
			attributes = {
				BuildIndependentTargetsInParallel = 1;
				LastSwiftUpdateCheck = 1340;
				LastUpgradeCheck = 1340;
				TargetAttributes = {
					150F06A428B62D19002A36F5 = {
						CreatedOnToolsVersion = 13.4.1;
					};
					150F06BD28B62D21002A36F5 = {
						CreatedOnToolsVersion = 13.4.1;
						TestTargetID = 150F06A428B62D19002A36F5;
					};
					150F06C728B62D21002A36F5 = {
						CreatedOnToolsVersion = 13.4.1;
						TestTargetID = 150F06A428B62D19002A36F5;
					};
				};
			};
			buildConfigurationList = 150F06A028B62D19002A36F5 /* Build configuration list for PBXProject "YandexWeatherApp" */;
			compatibilityVersion = "Xcode 13.0";
			developmentRegion = en;
			hasScannedForEncodings = 0;
			knownRegions = (
				en,
				Base,
			);
			mainGroup = 150F069C28B62D19002A36F5;
			productRefGroup = 150F06A628B62D19002A36F5 /* Products */;
			projectDirPath = "";
			projectRoot = "";
			targets = (
				150F06A428B62D19002A36F5 /* YandexWeatherApp */,
				150F06BD28B62D21002A36F5 /* YandexWeatherAppTests */,
				150F06C728B62D21002A36F5 /* YandexWeatherAppUITests */,
			);
		};
/* End PBXProject section */

/* Begin PBXResourcesBuildPhase section */
		150F06A328B62D19002A36F5 /* Resources */ = {
			isa = PBXResourcesBuildPhase;
			buildActionMask = 2147483647;
			files = (
				150F06B828B62D20002A36F5 /* LaunchScreen.storyboard in Resources */,
				150F06B528B62D20002A36F5 /* Assets.xcassets in Resources */,
				150F06B028B62D19002A36F5 /* Main.storyboard in Resources */,
			);
			runOnlyForDeploymentPostprocessing = 0;
		};
		150F06BC28B62D21002A36F5 /* Resources */ = {
			isa = PBXResourcesBuildPhase;
			buildActionMask = 2147483647;
			files = (
			);
			runOnlyForDeploymentPostprocessing = 0;
		};
		150F06C628B62D21002A36F5 /* Resources */ = {
			isa = PBXResourcesBuildPhase;
			buildActionMask = 2147483647;
			files = (
			);
			runOnlyForDeploymentPostprocessing = 0;
		};
/* End PBXResourcesBuildPhase section */

/* Begin PBXSourcesBuildPhase section */
		150F06A128B62D19002A36F5 /* Sources */ = {
			isa = PBXSourcesBuildPhase;
			buildActionMask = 2147483647;
			files = (
				150F06AD28B62D19002A36F5 /* ViewController.swift in Sources */,
				150F06A928B62D19002A36F5 /* AppDelegate.swift in Sources */,
				150F06AB28B62D19002A36F5 /* SceneDelegate.swift in Sources */,
				150F06B328B62D19002A36F5 /* YandexWeatherApp.xcdatamodeld in Sources */,
			);
			runOnlyForDeploymentPostprocessing = 0;
		};
		150F06BA28B62D21002A36F5 /* Sources */ = {
			isa = PBXSourcesBuildPhase;
			buildActionMask = 2147483647;
			files = (
				150F06C328B62D21002A36F5 /* YandexWeatherAppTests.swift in Sources */,
			);
			runOnlyForDeploymentPostprocessing = 0;
		};
		150F06C428B62D21002A36F5 /* Sources */ = {
			isa = PBXSourcesBuildPhase;
			buildActionMask = 2147483647;
			files = (
				150F06CF28B62D21002A36F5 /* YandexWeatherAppUITestsLaunchTests.swift in Sources */,
				150F06CD28B62D21002A36F5 /* YandexWeatherAppUITests.swift in Sources */,
			);
			runOnlyForDeploymentPostprocessing = 0;
		};
/* End PBXSourcesBuildPhase section */

/* Begin PBXTargetDependency section */
		150F06C028B62D21002A36F5 /* PBXTargetDependency */ = {
			isa = PBXTargetDependency;
			target = 150F06A428B62D19002A36F5 /* YandexWeatherApp */;
			targetProxy = 150F06BF28B62D21002A36F5 /* PBXContainerItemProxy */;
		};
		150F06CA28B62D21002A36F5 /* PBXTargetDependency */ = {
			isa = PBXTargetDependency;
			target = 150F06A428B62D19002A36F5 /* YandexWeatherApp */;
			targetProxy = 150F06C928B62D21002A36F5 /* PBXContainerItemProxy */;
		};
/* End PBXTargetDependency section */

/* Begin PBXVariantGroup section */
		150F06AE28B62D19002A36F5 /* Main.storyboard */ = {
			isa = PBXVariantGroup;
			children = (
				150F06AF28B62D19002A36F5 /* Base */,
			);
			name = Main.storyboard;
			sourceTree = "<group>";
		};
		150F06B628B62D20002A36F5 /* LaunchScreen.storyboard */ = {
			isa = PBXVariantGroup;
			children = (
				150F06B728B62D20002A36F5 /* Base */,
			);
			name = LaunchScreen.storyboard;
			sourceTree = "<group>";
		};
/* End PBXVariantGroup section */

/* Begin XCBuildConfiguration section */
		150F06D028B62D21002A36F5 /* Debug */ = {
			isa = XCBuildConfiguration;
			buildSettings = {
				ALWAYS_SEARCH_USER_PATHS = NO;
				CLANG_ANALYZER_NONNULL = YES;
				CLANG_ANALYZER_NUMBER_OBJECT_CONVERSION = YES_AGGRESSIVE;
				CLANG_CXX_LANGUAGE_STANDARD = "gnu++17";
				CLANG_ENABLE_MODULES = YES;
				CLANG_ENABLE_OBJC_ARC = YES;
				CLANG_ENABLE_OBJC_WEAK = YES;
				CLANG_WARN_BLOCK_CAPTURE_AUTORELEASING = YES;
				CLANG_WARN_BOOL_CONVERSION = YES;
				CLANG_WARN_COMMA = YES;
				CLANG_WARN_CONSTANT_CONVERSION = YES;
				CLANG_WARN_DEPRECATED_OBJC_IMPLEMENTATIONS = YES;
				CLANG_WARN_DIRECT_OBJC_ISA_USAGE = YES_ERROR;
				CLANG_WARN_DOCUMENTATION_COMMENTS = YES;
				CLANG_WARN_EMPTY_BODY = YES;
				CLANG_WARN_ENUM_CONVERSION = YES;
				CLANG_WARN_INFINITE_RECURSION = YES;
				CLANG_WARN_INT_CONVERSION = YES;
				CLANG_WARN_NON_LITERAL_NULL_CONVERSION = YES;
				CLANG_WARN_OBJC_IMPLICIT_RETAIN_SELF = YES;
				CLANG_WARN_OBJC_LITERAL_CONVERSION = YES;
				CLANG_WARN_OBJC_ROOT_CLASS = YES_ERROR;
				CLANG_WARN_QUOTED_INCLUDE_IN_FRAMEWORK_HEADER = YES;
				CLANG_WARN_RANGE_LOOP_ANALYSIS = YES;
				CLANG_WARN_STRICT_PROTOTYPES = YES;
				CLANG_WARN_SUSPICIOUS_MOVE = YES;
				CLANG_WARN_UNGUARDED_AVAILABILITY = YES_AGGRESSIVE;
				CLANG_WARN_UNREACHABLE_CODE = YES;
				CLANG_WARN__DUPLICATE_METHOD_MATCH = YES;
				COPY_PHASE_STRIP = NO;
				DEBUG_INFORMATION_FORMAT = dwarf;
				ENABLE_STRICT_OBJC_MSGSEND = YES;
				ENABLE_TESTABILITY = YES;
				GCC_C_LANGUAGE_STANDARD = gnu11;
				GCC_DYNAMIC_NO_PIC = NO;
				GCC_NO_COMMON_BLOCKS = YES;
				GCC_OPTIMIZATION_LEVEL = 0;
				GCC_PREPROCESSOR_DEFINITIONS = (
					"DEBUG=1",
					"$(inherited)",
				);
				GCC_WARN_64_TO_32_BIT_CONVERSION = YES;
				GCC_WARN_ABOUT_RETURN_TYPE = YES_ERROR;
				GCC_WARN_UNDECLARED_SELECTOR = YES;
				GCC_WARN_UNINITIALIZED_AUTOS = YES_AGGRESSIVE;
				GCC_WARN_UNUSED_FUNCTION = YES;
				GCC_WARN_UNUSED_VARIABLE = YES;
				IPHONEOS_DEPLOYMENT_TARGET = 15.5;
				MTL_ENABLE_DEBUG_INFO = INCLUDE_SOURCE;
				MTL_FAST_MATH = YES;
				ONLY_ACTIVE_ARCH = YES;
				SDKROOT = iphoneos;
				SWIFT_ACTIVE_COMPILATION_CONDITIONS = DEBUG;
				SWIFT_OPTIMIZATION_LEVEL = "-Onone";
			};
			name = Debug;
		};
		150F06D128B62D21002A36F5 /* Release */ = {
			isa = XCBuildConfiguration;
			buildSettings = {
				ALWAYS_SEARCH_USER_PATHS = NO;
				CLANG_ANALYZER_NONNULL = YES;
				CLANG_ANALYZER_NUMBER_OBJECT_CONVERSION = YES_AGGRESSIVE;
				CLANG_CXX_LANGUAGE_STANDARD = "gnu++17";
				CLANG_ENABLE_MODULES = YES;
				CLANG_ENABLE_OBJC_ARC = YES;
				CLANG_ENABLE_OBJC_WEAK = YES;
				CLANG_WARN_BLOCK_CAPTURE_AUTORELEASING = YES;
				CLANG_WARN_BOOL_CONVERSION = YES;
				CLANG_WARN_COMMA = YES;
				CLANG_WARN_CONSTANT_CONVERSION = YES;
				CLANG_WARN_DEPRECATED_OBJC_IMPLEMENTATIONS = YES;
				CLANG_WARN_DIRECT_OBJC_ISA_USAGE = YES_ERROR;
				CLANG_WARN_DOCUMENTATION_COMMENTS = YES;
				CLANG_WARN_EMPTY_BODY = YES;
				CLANG_WARN_ENUM_CONVERSION = YES;
				CLANG_WARN_INFINITE_RECURSION = YES;
				CLANG_WARN_INT_CONVERSION = YES;
				CLANG_WARN_NON_LITERAL_NULL_CONVERSION = YES;
				CLANG_WARN_OBJC_IMPLICIT_RETAIN_SELF = YES;
				CLANG_WARN_OBJC_LITERAL_CONVERSION = YES;
				CLANG_WARN_OBJC_ROOT_CLASS = YES_ERROR;
				CLANG_WARN_QUOTED_INCLUDE_IN_FRAMEWORK_HEADER = YES;
				CLANG_WARN_RANGE_LOOP_ANALYSIS = YES;
				CLANG_WARN_STRICT_PROTOTYPES = YES;
				CLANG_WARN_SUSPICIOUS_MOVE = YES;
				CLANG_WARN_UNGUARDED_AVAILABILITY = YES_AGGRESSIVE;
				CLANG_WARN_UNREACHABLE_CODE = YES;
				CLANG_WARN__DUPLICATE_METHOD_MATCH = YES;
				COPY_PHASE_STRIP = NO;
				DEBUG_INFORMATION_FORMAT = "dwarf-with-dsym";
				ENABLE_NS_ASSERTIONS = NO;
				ENABLE_STRICT_OBJC_MSGSEND = YES;
				GCC_C_LANGUAGE_STANDARD = gnu11;
				GCC_NO_COMMON_BLOCKS = YES;
				GCC_WARN_64_TO_32_BIT_CONVERSION = YES;
				GCC_WARN_ABOUT_RETURN_TYPE = YES_ERROR;
				GCC_WARN_UNDECLARED_SELECTOR = YES;
				GCC_WARN_UNINITIALIZED_AUTOS = YES_AGGRESSIVE;
				GCC_WARN_UNUSED_FUNCTION = YES;
				GCC_WARN_UNUSED_VARIABLE = YES;
				IPHONEOS_DEPLOYMENT_TARGET = 15.5;
				MTL_ENABLE_DEBUG_INFO = NO;
				MTL_FAST_MATH = YES;
				SDKROOT = iphoneos;
				SWIFT_COMPILATION_MODE = wholemodule;
				SWIFT_OPTIMIZATION_LEVEL = "-O";
				VALIDATE_PRODUCT = YES;
			};
			name = Release;
		};
		150F06D328B62D21002A36F5 /* Debug */ = {
			isa = XCBuildConfiguration;
			buildSettings = {
				ASSETCATALOG_COMPILER_APPICON_NAME = AppIcon;
				ASSETCATALOG_COMPILER_GLOBAL_ACCENT_COLOR_NAME = AccentColor;
				CODE_SIGN_STYLE = Automatic;
				CURRENT_PROJECT_VERSION = 1;
				DEVELOPMENT_TEAM = 89GM772QRS;
				GENERATE_INFOPLIST_FILE = YES;
				INFOPLIST_FILE = YandexWeatherApp/Info.plist;
				INFOPLIST_KEY_UIApplicationSupportsIndirectInputEvents = YES;
				INFOPLIST_KEY_UILaunchStoryboardName = LaunchScreen;
				INFOPLIST_KEY_UIMainStoryboardFile = Main;
				INFOPLIST_KEY_UISupportedInterfaceOrientations_iPad = "UIInterfaceOrientationPortrait UIInterfaceOrientationPortraitUpsideDown UIInterfaceOrientationLandscapeLeft UIInterfaceOrientationLandscapeRight";
				INFOPLIST_KEY_UISupportedInterfaceOrientations_iPhone = "UIInterfaceOrientationPortrait UIInterfaceOrientationLandscapeLeft UIInterfaceOrientationLandscapeRight";
				LD_RUNPATH_SEARCH_PATHS = (
					"$(inherited)",
					"@executable_path/Frameworks",
				);
				MARKETING_VERSION = 1.0;
				PRODUCT_BUNDLE_IDENTIFIER = com.example.YandexWeatherApp;
				PRODUCT_NAME = "$(TARGET_NAME)";
				SWIFT_EMIT_LOC_STRINGS = YES;
				SWIFT_VERSION = 5.0;
				TARGETED_DEVICE_FAMILY = "1,2";
			};
			name = Debug;
		};
		150F06D428B62D21002A36F5 /* Release */ = {
			isa = XCBuildConfiguration;
			buildSettings = {
				ASSETCATALOG_COMPILER_APPICON_NAME = AppIcon;
				ASSETCATALOG_COMPILER_GLOBAL_ACCENT_COLOR_NAME = AccentColor;
				CODE_SIGN_STYLE = Automatic;
				CURRENT_PROJECT_VERSION = 1;
				DEVELOPMENT_TEAM = 89GM772QRS;
				GENERATE_INFOPLIST_FILE = YES;
				INFOPLIST_FILE = YandexWeatherApp/Info.plist;
				INFOPLIST_KEY_UIApplicationSupportsIndirectInputEvents = YES;
				INFOPLIST_KEY_UILaunchStoryboardName = LaunchScreen;
				INFOPLIST_KEY_UIMainStoryboardFile = Main;
				INFOPLIST_KEY_UISupportedInterfaceOrientations_iPad = "UIInterfaceOrientationPortrait UIInterfaceOrientationPortraitUpsideDown UIInterfaceOrientationLandscapeLeft UIInterfaceOrientationLandscapeRight";
				INFOPLIST_KEY_UISupportedInterfaceOrientations_iPhone = "UIInterfaceOrientationPortrait UIInterfaceOrientationLandscapeLeft UIInterfaceOrientationLandscapeRight";
				LD_RUNPATH_SEARCH_PATHS = (
					"$(inherited)",
					"@executable_path/Frameworks",
				);
				MARKETING_VERSION = 1.0;
				PRODUCT_BUNDLE_IDENTIFIER = com.example.YandexWeatherApp;
				PRODUCT_NAME = "$(TARGET_NAME)";
				SWIFT_EMIT_LOC_STRINGS = YES;
				SWIFT_VERSION = 5.0;
				TARGETED_DEVICE_FAMILY = "1,2";
			};
			name = Release;
		};
		150F06D628B62D21002A36F5 /* Debug */ = {
			isa = XCBuildConfiguration;
			buildSettings = {
				ALWAYS_EMBED_SWIFT_STANDARD_LIBRARIES = YES;
				BUNDLE_LOADER = "$(TEST_HOST)";
				CODE_SIGN_STYLE = Automatic;
				CURRENT_PROJECT_VERSION = 1;
				DEVELOPMENT_TEAM = 89GM772QRS;
				GENERATE_INFOPLIST_FILE = YES;
				IPHONEOS_DEPLOYMENT_TARGET = 15.5;
				MARKETING_VERSION = 1.0;
				PRODUCT_BUNDLE_IDENTIFIER = com.example.YandexWeatherAppTests;
				PRODUCT_NAME = "$(TARGET_NAME)";
				SWIFT_EMIT_LOC_STRINGS = NO;
				SWIFT_VERSION = 5.0;
				TARGETED_DEVICE_FAMILY = "1,2";
				TEST_HOST = "$(BUILT_PRODUCTS_DIR)/YandexWeatherApp.app/YandexWeatherApp";
			};
			name = Debug;
		};
		150F06D728B62D21002A36F5 /* Release */ = {
			isa = XCBuildConfiguration;
			buildSettings = {
				ALWAYS_EMBED_SWIFT_STANDARD_LIBRARIES = YES;
				BUNDLE_LOADER = "$(TEST_HOST)";
				CODE_SIGN_STYLE = Automatic;
				CURRENT_PROJECT_VERSION = 1;
				DEVELOPMENT_TEAM = 89GM772QRS;
				GENERATE_INFOPLIST_FILE = YES;
				IPHONEOS_DEPLOYMENT_TARGET = 15.5;
				MARKETING_VERSION = 1.0;
				PRODUCT_BUNDLE_IDENTIFIER = com.example.YandexWeatherAppTests;
				PRODUCT_NAME = "$(TARGET_NAME)";
				SWIFT_EMIT_LOC_STRINGS = NO;
				SWIFT_VERSION = 5.0;
				TARGETED_DEVICE_FAMILY = "1,2";
				TEST_HOST = "$(BUILT_PRODUCTS_DIR)/YandexWeatherApp.app/YandexWeatherApp";
			};
			name = Release;
		};
		150F06D928B62D21002A36F5 /* Debug */ = {
			isa = XCBuildConfiguration;
			buildSettings = {
				ALWAYS_EMBED_SWIFT_STANDARD_LIBRARIES = YES;
				CODE_SIGN_STYLE = Automatic;
				CURRENT_PROJECT_VERSION = 1;
				DEVELOPMENT_TEAM = 89GM772QRS;
				GENERATE_INFOPLIST_FILE = YES;
				MARKETING_VERSION = 1.0;
				PRODUCT_BUNDLE_IDENTIFIER = com.example.YandexWeatherAppUITests;
				PRODUCT_NAME = "$(TARGET_NAME)";
				SWIFT_EMIT_LOC_STRINGS = NO;
				SWIFT_VERSION = 5.0;
				TARGETED_DEVICE_FAMILY = "1,2";
				TEST_TARGET_NAME = YandexWeatherApp;
			};
			name = Debug;
		};
		150F06DA28B62D21002A36F5 /* Release */ = {
			isa = XCBuildConfiguration;
			buildSettings = {
				ALWAYS_EMBED_SWIFT_STANDARD_LIBRARIES = YES;
				CODE_SIGN_STYLE = Automatic;
				CURRENT_PROJECT_VERSION = 1;
				DEVELOPMENT_TEAM = 89GM772QRS;
				GENERATE_INFOPLIST_FILE = YES;
				MARKETING_VERSION = 1.0;
				PRODUCT_BUNDLE_IDENTIFIER = com.example.YandexWeatherAppUITests;
				PRODUCT_NAME = "$(TARGET_NAME)";
				SWIFT_EMIT_LOC_STRINGS = NO;
				SWIFT_VERSION = 5.0;
				TARGETED_DEVICE_FAMILY = "1,2";
				TEST_TARGET_NAME = YandexWeatherApp;
			};
			name = Release;
		};
/* End XCBuildConfiguration section */

/* Begin XCConfigurationList section */
		150F06A028B62D19002A36F5 /* Build configuration list for PBXProject "YandexWeatherApp" */ = {
			isa = XCConfigurationList;
			buildConfigurations = (
				150F06D028B62D21002A36F5 /* Debug */,
				150F06D128B62D21002A36F5 /* Release */,
			);
			defaultConfigurationIsVisible = 0;
			defaultConfigurationName = Release;
		};
		150F06D228B62D21002A36F5 /* Build configuration list for PBXNativeTarget "YandexWeatherApp" */ = {
			isa = XCConfigurationList;
			buildConfigurations = (
				150F06D328B62D21002A36F5 /* Debug */,
				150F06D428B62D21002A36F5 /* Release */,
			);
			defaultConfigurationIsVisible = 0;
			defaultConfigurationName = Release;
		};
		150F06D528B62D21002A36F5 /* Build configuration list for PBXNativeTarget "YandexWeatherAppTests" */ = {
			isa = XCConfigurationList;
			buildConfigurations = (
				150F06D628B62D21002A36F5 /* Debug */,
				150F06D728B62D21002A36F5 /* Release */,
			);
			defaultConfigurationIsVisible = 0;
			defaultConfigurationName = Release;
		};
		150F06D828B62D21002A36F5 /* Build configuration list for PBXNativeTarget "YandexWeatherAppUITests" */ = {
			isa = XCConfigurationList;
			buildConfigurations = (
				150F06D928B62D21002A36F5 /* Debug */,
				150F06DA28B62D21002A36F5 /* Release */,
			);
			defaultConfigurationIsVisible = 0;
			defaultConfigurationName = Release;
		};
/* End XCConfigurationList section */

/* Begin XCVersionGroup section */
		150F06B128B62D19002A36F5 /* YandexWeatherApp.xcdatamodeld */ = {
			isa = XCVersionGroup;
			children = (
				150F06B228B62D19002A36F5 /* YandexWeatherApp.xcdatamodel */,
			);
			currentVersion = 150F06B228B62D19002A36F5 /* YandexWeatherApp.xcdatamodel */;
			path = YandexWeatherApp.xcdatamodeld;
			sourceTree = "<group>";
			versionGroupType = wrapper.xcdatamodel;
		};
/* End XCVersionGroup section */
	};
	rootObject = 150F069D28B62D19002A36F5 /* Project object */;
}
